
Microsoft Visual Studio Solution File, Format Version 12.00
# Visual Studio 15
VisualStudioVersion = 15.0.28307.489
MinimumVisualStudioVersion = 10.0.40219.1
Project("{FAE04EC0-301F-11D3-BF4B-00C04F79EFBC}") = "MasterServer", "MasterServer\MasterServer.csproj", "{EC623BB8-C133-41FF-A7EC-B77B6DD9C3E6}"
EndProject
Global
	GlobalSection(SolutionConfigurationPlatforms) = preSolution
		Debug|Any CPU = Debug|Any CPU
		Release|Any CPU = Release|Any CPU
	EndGlobalSection
	GlobalSection(ProjectConfigurationPlatforms) = postSolution
		{EC623BB8-C133-41FF-A7EC-B77B6DD9C3E6}.Debug|Any CPU.ActiveCfg = Debug|Any CPU
		{EC623BB8-C133-41FF-A7EC-B77B6DD9C3E6}.Debug|Any CPU.Build.0 = Debug|Any CPU
		{EC623BB8-C133-41FF-A7EC-B77B6DD9C3E6}.Release|Any CPU.ActiveCfg = Release|Any CPU
		{EC623BB8-C133-41FF-A7EC-B77B6DD9C3E6}.Release|Any CPU.Build.0 = Release|Any CPU
	EndGlobalSection
	GlobalSection(SolutionProperties) = preSolution
		HideSolutionNode = FALSE
	EndGlobalSection
	GlobalSection(ExtensibilityGlobals) = postSolution
		SolutionGuid = {DBD4658A-38BF-49B5-A9C1-13235A995EE7}
	EndGlobalSection
EndGlobal
